// !$*UTF8*$!
{
	archiveVersion = 1;
	classes = {
	};
	objectVersion = 48;
	objects = {

/* Begin PBXBuildFile section */
		CE3B4E95205047FB00E8BF27 /* LoginVC.swift in Sources */ = {isa = PBXBuildFile; fileRef = CE3B4E94205047FB00E8BF27 /* LoginVC.swift */; };
		CE3B4E972050C16400E8BF27 /* CreateAccountVC.swift in Sources */ = {isa = PBXBuildFile; fileRef = CE3B4E962050C16400E8BF27 /* CreateAccountVC.swift */; };
		CE48C012205BF84200525D2E /* AuthService.swift in Sources */ = {isa = PBXBuildFile; fileRef = CE48C011205BF84100525D2E /* AuthService.swift */; };
		CE48C014205CD3D800525D2E /* RoundedButton.swift in Sources */ = {isa = PBXBuildFile; fileRef = CE48C013205CD3D800525D2E /* RoundedButton.swift */; };
		CECF84A0204C57FA00025D69 /* AppDelegate.swift in Sources */ = {isa = PBXBuildFile; fileRef = CECF849F204C57FA00025D69 /* AppDelegate.swift */; };
		CECF84A5204C57FA00025D69 /* Main.storyboard in Resources */ = {isa = PBXBuildFile; fileRef = CECF84A3204C57FA00025D69 /* Main.storyboard */; };
		CECF84A7204C57FA00025D69 /* Assets.xcassets in Resources */ = {isa = PBXBuildFile; fileRef = CECF84A6204C57FA00025D69 /* Assets.xcassets */; };
		CECF84AA204C57FA00025D69 /* LaunchScreen.storyboard in Resources */ = {isa = PBXBuildFile; fileRef = CECF84A8204C57FA00025D69 /* LaunchScreen.storyboard */; };
		CECF84BA204EF44E00025D69 /* ChatVC.swift in Sources */ = {isa = PBXBuildFile; fileRef = CECF84B9204EF44E00025D69 /* ChatVC.swift */; };
		CECF84BC204EF46300025D69 /* ChannelVC.swift in Sources */ = {isa = PBXBuildFile; fileRef = CECF84BB204EF46300025D69 /* ChannelVC.swift */; };
		CECF84BD204EFEB200025D69 /* SWRevealViewController.m in Sources */ = {isa = PBXBuildFile; fileRef = CECF84B3204EEF8600025D69 /* SWRevealViewController.m */; };
		CECF84BF204FA25900025D69 /* GradientView.swift in Sources */ = {isa = PBXBuildFile; fileRef = CECF84BE204FA25900025D69 /* GradientView.swift */; };
		CECF84C6204FC23600025D69 /* Constants.swift in Sources */ = {isa = PBXBuildFile; fileRef = CECF84C5204FC23600025D69 /* Constants.swift */; };
		E826D2A764925384F86D074A /* Pods_Smack2.framework in Frameworks */ = {isa = PBXBuildFile; fileRef = 52B3A0C4F880D2525F2772F4 /* Pods_Smack2.framework */; };
/* End PBXBuildFile section */

/* Begin PBXFileReference section */
		070A76766F5A83A3C2974675 /* Pods-Smack2.debug.xcconfig */ = {isa = PBXFileReference; includeInIndex = 1; lastKnownFileType = text.xcconfig; name = "Pods-Smack2.debug.xcconfig"; path = "Pods/Target Support Files/Pods-Smack2/Pods-Smack2.debug.xcconfig"; sourceTree = "<group>"; };
		2B313DD0DC29E05C2E448D90 /* Pods-Smack2.release.xcconfig */ = {isa = PBXFileReference; includeInIndex = 1; lastKnownFileType = text.xcconfig; name = "Pods-Smack2.release.xcconfig"; path = "Pods/Target Support Files/Pods-Smack2/Pods-Smack2.release.xcconfig"; sourceTree = "<group>"; };
		52B3A0C4F880D2525F2772F4 /* Pods_Smack2.framework */ = {isa = PBXFileReference; explicitFileType = wrapper.framework; includeInIndex = 0; path = Pods_Smack2.framework; sourceTree = BUILT_PRODUCTS_DIR; };
		CE3B4E94205047FB00E8BF27 /* LoginVC.swift */ = {isa = PBXFileReference; lastKnownFileType = sourcecode.swift; path = LoginVC.swift; sourceTree = "<group>"; };
		CE3B4E962050C16400E8BF27 /* CreateAccountVC.swift */ = {isa = PBXFileReference; lastKnownFileType = sourcecode.swift; path = CreateAccountVC.swift; sourceTree = "<group>"; };
		CE48C011205BF84100525D2E /* AuthService.swift */ = {isa = PBXFileReference; lastKnownFileType = sourcecode.swift; path = AuthService.swift; sourceTree = "<group>"; };
		CE48C013205CD3D800525D2E /* RoundedButton.swift */ = {isa = PBXFileReference; lastKnownFileType = sourcecode.swift; path = RoundedButton.swift; sourceTree = "<group>"; };
		CECF849C204C57FA00025D69 /* Smack2.app */ = {isa = PBXFileReference; explicitFileType = wrapper.application; includeInIndex = 0; path = Smack2.app; sourceTree = BUILT_PRODUCTS_DIR; };
		CECF849F204C57FA00025D69 /* AppDelegate.swift */ = {isa = PBXFileReference; lastKnownFileType = sourcecode.swift; path = AppDelegate.swift; sourceTree = "<group>"; };
		CECF84A4204C57FA00025D69 /* Base */ = {isa = PBXFileReference; lastKnownFileType = file.storyboard; name = Base; path = Base.lproj/Main.storyboard; sourceTree = "<group>"; };
		CECF84A6204C57FA00025D69 /* Assets.xcassets */ = {isa = PBXFileReference; lastKnownFileType = folder.assetcatalog; path = Assets.xcassets; sourceTree = "<group>"; };
		CECF84A9204C57FA00025D69 /* Base */ = {isa = PBXFileReference; lastKnownFileType = file.storyboard; name = Base; path = Base.lproj/LaunchScreen.storyboard; sourceTree = "<group>"; };
		CECF84AB204C57FA00025D69 /* Info.plist */ = {isa = PBXFileReference; lastKnownFileType = text.plist.xml; path = Info.plist; sourceTree = "<group>"; };
		CECF84B2204EEF8500025D69 /* Smack2-Bridging-Header.h */ = {isa = PBXFileReference; lastKnownFileType = sourcecode.c.h; path = "Smack2-Bridging-Header.h"; sourceTree = "<group>"; };
		CECF84B3204EEF8600025D69 /* SWRevealViewController.m */ = {isa = PBXFileReference; fileEncoding = 4; lastKnownFileType = sourcecode.c.objc; path = SWRevealViewController.m; sourceTree = "<group>"; };
		CECF84B4204EEF8600025D69 /* SWRevealViewController.h */ = {isa = PBXFileReference; fileEncoding = 4; lastKnownFileType = sourcecode.c.h; path = SWRevealViewController.h; sourceTree = "<group>"; };
		CECF84B9204EF44E00025D69 /* ChatVC.swift */ = {isa = PBXFileReference; lastKnownFileType = sourcecode.swift; path = ChatVC.swift; sourceTree = "<group>"; };
		CECF84BB204EF46300025D69 /* ChannelVC.swift */ = {isa = PBXFileReference; lastKnownFileType = sourcecode.swift; path = ChannelVC.swift; sourceTree = "<group>"; };
		CECF84BE204FA25900025D69 /* GradientView.swift */ = {isa = PBXFileReference; lastKnownFileType = sourcecode.swift; path = GradientView.swift; sourceTree = "<group>"; };
		CECF84C5204FC23600025D69 /* Constants.swift */ = {isa = PBXFileReference; lastKnownFileType = sourcecode.swift; path = Constants.swift; sourceTree = "<group>"; };
/* End PBXFileReference section */

/* Begin PBXFrameworksBuildPhase section */
		CECF8499204C57FA00025D69 /* Frameworks */ = {
			isa = PBXFrameworksBuildPhase;
			buildActionMask = 2147483647;
			files = (
				E826D2A764925384F86D074A /* Pods_Smack2.framework in Frameworks */,
			);
			runOnlyForDeploymentPostprocessing = 0;
		};
/* End PBXFrameworksBuildPhase section */

/* Begin PBXGroup section */
		3C3AAB6D61859BED4E493F0C /* Pods */ = {
			isa = PBXGroup;
			children = (
				070A76766F5A83A3C2974675 /* Pods-Smack2.debug.xcconfig */,
				2B313DD0DC29E05C2E448D90 /* Pods-Smack2.release.xcconfig */,
			);
			name = Pods;
			sourceTree = "<group>";
		};
		C0F79CFBB9FAAB7797A9CBE0 /* Frameworks */ = {
			isa = PBXGroup;
			children = (
				52B3A0C4F880D2525F2772F4 /* Pods_Smack2.framework */,
			);
			name = Frameworks;
			sourceTree = "<group>";
		};
		CE48C010205BF80100525D2E /* Services */ = {
			isa = PBXGroup;
			children = (
				CE48C011205BF84100525D2E /* AuthService.swift */,
			);
			path = Services;
			sourceTree = "<group>";
		};
		CECF8493204C57FA00025D69 = {
			isa = PBXGroup;
			children = (
				CECF849E204C57FA00025D69 /* Smack2 */,
				CECF849D204C57FA00025D69 /* Products */,
				3C3AAB6D61859BED4E493F0C /* Pods */,
				C0F79CFBB9FAAB7797A9CBE0 /* Frameworks */,
			);
			sourceTree = "<group>";
		};
		CECF849D204C57FA00025D69 /* Products */ = {
			isa = PBXGroup;
			children = (
				CECF849C204C57FA00025D69 /* Smack2.app */,
			);
			name = Products;
			sourceTree = "<group>";
		};
		CECF849E204C57FA00025D69 /* Smack2 */ = {
			isa = PBXGroup;
			children = (
				CE48C010205BF80100525D2E /* Services */,
				CECF84C2204FC1BF00025D69 /* Utilities */,
				CECF84B1204EEF3F00025D69 /* Supporting Files */,
				CECF84B8204EF43200025D69 /* View */,
				CECF84B7204EF42800025D69 /* Model */,
				CECF84B6204EF41E00025D69 /* Controller */,
				CECF849F204C57FA00025D69 /* AppDelegate.swift */,
				CECF84A3204C57FA00025D69 /* Main.storyboard */,
				CECF84A6204C57FA00025D69 /* Assets.xcassets */,
				CECF84A8204C57FA00025D69 /* LaunchScreen.storyboard */,
				CECF84AB204C57FA00025D69 /* Info.plist */,
			);
			path = Smack2;
			sourceTree = "<group>";
		};
		CECF84B1204EEF3F00025D69 /* Supporting Files */ = {
			isa = PBXGroup;
			children = (
				CECF84B4204EEF8600025D69 /* SWRevealViewController.h */,
				CECF84B3204EEF8600025D69 /* SWRevealViewController.m */,
				CECF84B2204EEF8500025D69 /* Smack2-Bridging-Header.h */,
			);
			path = "Supporting Files";
			sourceTree = "<group>";
		};
		CECF84B6204EF41E00025D69 /* Controller */ = {
			isa = PBXGroup;
			children = (
				CECF84B9204EF44E00025D69 /* ChatVC.swift */,
				CECF84BB204EF46300025D69 /* ChannelVC.swift */,
				CE3B4E94205047FB00E8BF27 /* LoginVC.swift */,
				CE3B4E962050C16400E8BF27 /* CreateAccountVC.swift */,
			);
			path = Controller;
			sourceTree = "<group>";
		};
		CECF84B7204EF42800025D69 /* Model */ = {
			isa = PBXGroup;
			children = (
			);
			path = Model;
			sourceTree = "<group>";
		};
		CECF84B8204EF43200025D69 /* View */ = {
			isa = PBXGroup;
			children = (
				CECF84BE204FA25900025D69 /* GradientView.swift */,
				CE48C013205CD3D800525D2E /* RoundedButton.swift */,
			);
			path = View;
			sourceTree = "<group>";
		};
		CECF84C2204FC1BF00025D69 /* Utilities */ = {
			isa = PBXGroup;
			children = (
				CECF84C5204FC23600025D69 /* Constants.swift */,
			);
			path = Utilities;
			sourceTree = "<group>";
		};
/* End PBXGroup section */

/* Begin PBXNativeTarget section */
		CECF849B204C57FA00025D69 /* Smack2 */ = {
			isa = PBXNativeTarget;
			buildConfigurationList = CECF84AE204C57FA00025D69 /* Build configuration list for PBXNativeTarget "Smack2" */;
			buildPhases = (
				C7622457FDD6538CBB86A1DD /* [CP] Check Pods Manifest.lock */,
				CECF8498204C57FA00025D69 /* Sources */,
				CECF8499204C57FA00025D69 /* Frameworks */,
				CECF849A204C57FA00025D69 /* Resources */,
				EFFBAEF47974AD7693FDE51B /* [CP] Embed Pods Frameworks */,
				778EA0D26BFB22865749A28D /* [CP] Copy Pods Resources */,
			);
			buildRules = (
			);
			dependencies = (
			);
			name = Smack2;
			productName = Smack2;
			productReference = CECF849C204C57FA00025D69 /* Smack2.app */;
			productType = "com.apple.product-type.application";
		};
/* End PBXNativeTarget section */

/* Begin PBXProject section */
		CECF8494204C57FA00025D69 /* Project object */ = {
			isa = PBXProject;
			attributes = {
				LastSwiftUpdateCheck = 0920;
				LastUpgradeCheck = 0920;
				ORGANIZATIONNAME = User;
				TargetAttributes = {
					CECF849B204C57FA00025D69 = {
						CreatedOnToolsVersion = 9.2;
						LastSwiftMigration = 0920;
						ProvisioningStyle = Automatic;
					};
				};
			};
			buildConfigurationList = CECF8497204C57FA00025D69 /* Build configuration list for PBXProject "Smack2" */;
			compatibilityVersion = "Xcode 8.0";
			developmentRegion = en;
			hasScannedForEncodings = 0;
			knownRegions = (
				en,
				Base,
			);
			mainGroup = CECF8493204C57FA00025D69;
			productRefGroup = CECF849D204C57FA00025D69 /* Products */;
			projectDirPath = "";
			projectRoot = "";
			targets = (
				CECF849B204C57FA00025D69 /* Smack2 */,
			);
		};
/* End PBXProject section */

/* Begin PBXResourcesBuildPhase section */
		CECF849A204C57FA00025D69 /* Resources */ = {
			isa = PBXResourcesBuildPhase;
			buildActionMask = 2147483647;
			files = (
				CECF84AA204C57FA00025D69 /* LaunchScreen.storyboard in Resources */,
				CECF84A7204C57FA00025D69 /* Assets.xcassets in Resources */,
				CECF84A5204C57FA00025D69 /* Main.storyboard in Resources */,
			);
			runOnlyForDeploymentPostprocessing = 0;
		};
/* End PBXResourcesBuildPhase section */

/* Begin PBXShellScriptBuildPhase section */
		778EA0D26BFB22865749A28D /* [CP] Copy Pods Resources */ = {
			isa = PBXShellScriptBuildPhase;
			buildActionMask = 2147483647;
			files = (
			);
			inputPaths = (
			);
			name = "[CP] Copy Pods Resources";
			outputPaths = (
			);
			runOnlyForDeploymentPostprocessing = 0;
			shellPath = /bin/sh;
			shellScript = "\"${SRCROOT}/Pods/Target Support Files/Pods-Smack2/Pods-Smack2-resources.sh\"\n";
			showEnvVarsInLog = 0;
		};
		C7622457FDD6538CBB86A1DD /* [CP] Check Pods Manifest.lock */ = {
			isa = PBXShellScriptBuildPhase;
			buildActionMask = 2147483647;
			files = (
			);
			inputPaths = (
			);
			name = "[CP] Check Pods Manifest.lock";
			outputPaths = (
			);
			runOnlyForDeploymentPostprocessing = 0;
			shellPath = /bin/sh;
			shellScript = "diff \"${PODS_ROOT}/../Podfile.lock\" \"${PODS_ROOT}/Manifest.lock\" > /dev/null\nif [ $? != 0 ] ; then\n    # print error to STDERR\n    echo \"error: The sandbox is not in sync with the Podfile.lock. Run 'pod install' or update your CocoaPods installation.\" >&2\n    exit 1\nfi\n";
			showEnvVarsInLog = 0;
		};
		EFFBAEF47974AD7693FDE51B /* [CP] Embed Pods Frameworks */ = {
			isa = PBXShellScriptBuildPhase;
			buildActionMask = 2147483647;
			files = (
			);
			inputPaths = (
			);
			name = "[CP] Embed Pods Frameworks";
			outputPaths = (
			);
			runOnlyForDeploymentPostprocessing = 0;
			shellPath = /bin/sh;
			shellScript = "\"${SRCROOT}/Pods/Target Support Files/Pods-Smack2/Pods-Smack2-frameworks.sh\"\n";
			showEnvVarsInLog = 0;
		};
/* End PBXShellScriptBuildPhase section */

/* Begin PBXSourcesBuildPhase section */
		CECF8498204C57FA00025D69 /* Sources */ = {
			isa = PBXSourcesBuildPhase;
			buildActionMask = 2147483647;
			files = (
				CECF84BC204EF46300025D69 /* ChannelVC.swift in Sources */,
				CE48C014205CD3D800525D2E /* RoundedButton.swift in Sources */,
				CECF84BA204EF44E00025D69 /* ChatVC.swift in Sources */,
				CE3B4E972050C16400E8BF27 /* CreateAccountVC.swift in Sources */,
				CE48C012205BF84200525D2E /* AuthService.swift in Sources */,
				CE3B4E95205047FB00E8BF27 /* LoginVC.swift in Sources */,
				CECF84BF204FA25900025D69 /* GradientView.swift in Sources */,
				CECF84A0204C57FA00025D69 /* AppDelegate.swift in Sources */,
				CECF84BD204EFEB200025D69 /* SWRevealViewController.m in Sources */,
				CECF84C6204FC23600025D69 /* Constants.swift in Sources */,
			);
			runOnlyForDeploymentPostprocessing = 0;
		};
/* End PBXSourcesBuildPhase section */

/* Begin PBXVariantGroup section */
		CECF84A3204C57FA00025D69 /* Main.storyboard */ = {
			isa = PBXVariantGroup;
			children = (
				CECF84A4204C57FA00025D69 /* Base */,
			);
			name = Main.storyboard;
			sourceTree = "<group>";
		};
		CECF84A8204C57FA00025D69 /* LaunchScreen.storyboard */ = {
			isa = PBXVariantGroup;
			children = (
				CECF84A9204C57FA00025D69 /* Base */,
			);
			name = LaunchScreen.storyboard;
			sourceTree = "<group>";
		};
/* End PBXVariantGroup section */

/* Begin XCBuildConfiguration section */
		CECF84AC204C57FA00025D69 /* Debug */ = {
			isa = XCBuildConfiguration;
			buildSettings = {
				ALWAYS_SEARCH_USER_PATHS = NO;
				CLANG_ANALYZER_NONNULL = YES;
				CLANG_ANALYZER_NUMBER_OBJECT_CONVERSION = YES_AGGRESSIVE;
				CLANG_CXX_LANGUAGE_STANDARD = "gnu++14";
				CLANG_CXX_LIBRARY = "libc++";
				CLANG_ENABLE_MODULES = YES;
				CLANG_ENABLE_OBJC_ARC = YES;
				CLANG_WARN_BLOCK_CAPTURE_AUTORELEASING = YES;
				CLANG_WARN_BOOL_CONVERSION = YES;
				CLANG_WARN_COMMA = YES;
				CLANG_WARN_CONSTANT_CONVERSION = YES;
				CLANG_WARN_DIRECT_OBJC_ISA_USAGE = YES_ERROR;
				CLANG_WARN_DOCUMENTATION_COMMENTS = YES;
				CLANG_WARN_EMPTY_BODY = YES;
				CLANG_WARN_ENUM_CONVERSION = YES;
				CLANG_WARN_INFINITE_RECURSION = YES;
				CLANG_WARN_INT_CONVERSION = YES;
				CLANG_WARN_NON_LITERAL_NULL_CONVERSION = YES;
				CLANG_WARN_OBJC_LITERAL_CONVERSION = YES;
				CLANG_WARN_OBJC_ROOT_CLASS = YES_ERROR;
				CLANG_WARN_RANGE_LOOP_ANALYSIS = YES;
				CLANG_WARN_STRICT_PROTOTYPES = YES;
				CLANG_WARN_SUSPICIOUS_MOVE = YES;
				CLANG_WARN_UNGUARDED_AVAILABILITY = YES_AGGRESSIVE;
				CLANG_WARN_UNREACHABLE_CODE = YES;
				CLANG_WARN__DUPLICATE_METHOD_MATCH = YES;
				CODE_SIGN_IDENTITY = "iPhone Developer";
				COPY_PHASE_STRIP = NO;
				DEBUG_INFORMATION_FORMAT = dwarf;
				ENABLE_STRICT_OBJC_MSGSEND = YES;
				ENABLE_TESTABILITY = YES;
				GCC_C_LANGUAGE_STANDARD = gnu11;
				GCC_DYNAMIC_NO_PIC = NO;
				GCC_NO_COMMON_BLOCKS = YES;
				GCC_OPTIMIZATION_LEVEL = 0;
				GCC_PREPROCESSOR_DEFINITIONS = (
					"DEBUG=1",
					"$(inherited)",
				);
				GCC_WARN_64_TO_32_BIT_CONVERSION = YES;
				GCC_WARN_ABOUT_RETURN_TYPE = YES_ERROR;
				GCC_WARN_UNDECLARED_SELECTOR = YES;
				GCC_WARN_UNINITIALIZED_AUTOS = YES_AGGRESSIVE;
				GCC_WARN_UNUSED_FUNCTION = YES;
				GCC_WARN_UNUSED_VARIABLE = YES;
				IPHONEOS_DEPLOYMENT_TARGET = 11.2;
				MTL_ENABLE_DEBUG_INFO = YES;
				ONLY_ACTIVE_ARCH = YES;
				SDKROOT = iphoneos;
				SWIFT_ACTIVE_COMPILATION_CONDITIONS = DEBUG;
				SWIFT_OPTIMIZATION_LEVEL = "-Onone";
			};
			name = Debug;
		};
		CECF84AD204C57FA00025D69 /* Release */ = {
			isa = XCBuildConfiguration;
			buildSettings = {
				ALWAYS_SEARCH_USER_PATHS = NO;
				CLANG_ANALYZER_NONNULL = YES;
				CLANG_ANALYZER_NUMBER_OBJECT_CONVERSION = YES_AGGRESSIVE;
				CLANG_CXX_LANGUAGE_STANDARD = "gnu++14";
				CLANG_CXX_LIBRARY = "libc++";
				CLANG_ENABLE_MODULES = YES;
				CLANG_ENABLE_OBJC_ARC = YES;
				CLANG_WARN_BLOCK_CAPTURE_AUTORELEASING = YES;
				CLANG_WARN_BOOL_CONVERSION = YES;
				CLANG_WARN_COMMA = YES;
				CLANG_WARN_CONSTANT_CONVERSION = YES;
				CLANG_WARN_DIRECT_OBJC_ISA_USAGE = YES_ERROR;
				CLANG_WARN_DOCUMENTATION_COMMENTS = YES;
				CLANG_WARN_EMPTY_BODY = YES;
				CLANG_WARN_ENUM_CONVERSION = YES;
				CLANG_WARN_INFINITE_RECURSION = YES;
				CLANG_WARN_INT_CONVERSION = YES;
				CLANG_WARN_NON_LITERAL_NULL_CONVERSION = YES;
				CLANG_WARN_OBJC_LITERAL_CONVERSION = YES;
				CLANG_WARN_OBJC_ROOT_CLASS = YES_ERROR;
				CLANG_WARN_RANGE_LOOP_ANALYSIS = YES;
				CLANG_WARN_STRICT_PROTOTYPES = YES;
				CLANG_WARN_SUSPICIOUS_MOVE = YES;
				CLANG_WARN_UNGUARDED_AVAILABILITY = YES_AGGRESSIVE;
				CLANG_WARN_UNREACHABLE_CODE = YES;
				CLANG_WARN__DUPLICATE_METHOD_MATCH = YES;
				CODE_SIGN_IDENTITY = "iPhone Developer";
				COPY_PHASE_STRIP = NO;
				DEBUG_INFORMATION_FORMAT = "dwarf-with-dsym";
				ENABLE_NS_ASSERTIONS = NO;
				ENABLE_STRICT_OBJC_MSGSEND = YES;
				GCC_C_LANGUAGE_STANDARD = gnu11;
				GCC_NO_COMMON_BLOCKS = YES;
				GCC_WARN_64_TO_32_BIT_CONVERSION = YES;
				GCC_WARN_ABOUT_RETURN_TYPE = YES_ERROR;
				GCC_WARN_UNDECLARED_SELECTOR = YES;
				GCC_WARN_UNINITIALIZED_AUTOS = YES_AGGRESSIVE;
				GCC_WARN_UNUSED_FUNCTION = YES;
				GCC_WARN_UNUSED_VARIABLE = YES;
				IPHONEOS_DEPLOYMENT_TARGET = 11.2;
				MTL_ENABLE_DEBUG_INFO = NO;
				SDKROOT = iphoneos;
				SWIFT_OPTIMIZATION_LEVEL = "-Owholemodule";
				VALIDATE_PRODUCT = YES;
			};
			name = Release;
		};
		CECF84AF204C57FA00025D69 /* Debug */ = {
			isa = XCBuildConfiguration;
			baseConfigurationReference = 070A76766F5A83A3C2974675 /* Pods-Smack2.debug.xcconfig */;
			buildSettings = {
				ASSETCATALOG_COMPILER_APPICON_NAME = AppIcon;
				CLANG_ENABLE_MODULES = YES;
				CODE_SIGN_STYLE = Automatic;
				DEVELOPMENT_TEAM = 4U625YVHAN;
				INFOPLIST_FILE = Smack2/Info.plist;
				LD_RUNPATH_SEARCH_PATHS = "$(inherited) @executable_path/Frameworks";
				PRODUCT_BUNDLE_IDENTIFIER = com.yusukehirose.Smack2;
				PRODUCT_NAME = "$(TARGET_NAME)";
				SWIFT_OBJC_BRIDGING_HEADER = "Smack2/Supporting Files/Smack2-Bridging-Header.h";
				SWIFT_OPTIMIZATION_LEVEL = "-Onone";
				SWIFT_VERSION = 4.0;
				TARGETED_DEVICE_FAMILY = "1,2";
			};
			name = Debug;
		};
		CECF84B0204C57FA00025D69 /* Release */ = {
			isa = XCBuildConfiguration;
			baseConfigurationReference = 2B313DD0DC29E05C2E448D90 /* Pods-Smack2.release.xcconfig */;
			buildSettings = {
				ASSETCATALOG_COMPILER_APPICON_NAME = AppIcon;
				CLANG_ENABLE_MODULES = YES;
				CODE_SIGN_STYLE = Automatic;
				DEVELOPMENT_TEAM = 4U625YVHAN;
				INFOPLIST_FILE = Smack2/Info.plist;
				LD_RUNPATH_SEARCH_PATHS = "$(inherited) @executable_path/Frameworks";
				PRODUCT_BUNDLE_IDENTIFIER = com.yusukehirose.Smack2;
				PRODUCT_NAME = "$(TARGET_NAME)";
				SWIFT_OBJC_BRIDGING_HEADER = "Smack2/Supporting Files/Smack2-Bridging-Header.h";
				SWIFT_VERSION = 4.0;
				TARGETED_DEVICE_FAMILY = "1,2";
			};
			name = Release;
		};
/* End XCBuildConfiguration section */

/* Begin XCConfigurationList section */
		CECF8497204C57FA00025D69 /* Build configuration list for PBXProject "Smack2" */ = {
			isa = XCConfigurationList;
			buildConfigurations = (
				CECF84AC204C57FA00025D69 /* Debug */,
				CECF84AD204C57FA00025D69 /* Release */,
			);
			defaultConfigurationIsVisible = 0;
			defaultConfigurationName = Release;
		};
		CECF84AE204C57FA00025D69 /* Build configuration list for PBXNativeTarget "Smack2" */ = {
			isa = XCConfigurationList;
			buildConfigurations = (
				CECF84AF204C57FA00025D69 /* Debug */,
				CECF84B0204C57FA00025D69 /* Release */,
			);
			defaultConfigurationIsVisible = 0;
			defaultConfigurationName = Release;
		};
/* End XCConfigurationList section */
	};
	rootObject = CECF8494204C57FA00025D69 /* Project object */;
}
